// !$*UTF8*$!
{
	archiveVersion = 1;
	classes = {
	};
	objectVersion = 56;
	objects = {

/* Begin PBXBuildFile section */
		AD27D06C2B8CC78200E1EEF7 /* FirebaseFirestore in Frameworks */ = {isa = PBXBuildFile; productRef = AD27D06B2B8CC78200E1EEF7 /* FirebaseFirestore */; };
		AD27D06E2B8CC78C00E1EEF7 /* FirebaseAuth in Frameworks */ = {isa = PBXBuildFile; productRef = AD27D06D2B8CC78C00E1EEF7 /* FirebaseAuth */; };
		AD27D0702B8CC79800E1EEF7 /* FirebaseFirestoreSwift in Frameworks */ = {isa = PBXBuildFile; productRef = AD27D06F2B8CC79800E1EEF7 /* FirebaseFirestoreSwift */; };
		AD6694712B61377D0008339A /* ButtonView.swift in Sources */ = {isa = PBXBuildFile; fileRef = AD6694702B61377D0008339A /* ButtonView.swift */; };
		AD6694732B6146D70008339A /* Extensions.swift in Sources */ = {isa = PBXBuildFile; fileRef = AD6694722B6146D70008339A /* Extensions.swift */; };
		AD7268512BB04ABA002DC1AF /* AudioManager.swift in Sources */ = {isa = PBXBuildFile; fileRef = AD7268502BB04ABA002DC1AF /* AudioManager.swift */; };
		AD8261BE2B52ABFD0013356E /* StudentMentalHealthAppApp.swift in Sources */ = {isa = PBXBuildFile; fileRef = AD8261BD2B52ABFD0013356E /* StudentMentalHealthAppApp.swift */; };
		AD8261C02B52ABFD0013356E /* MainView.swift in Sources */ = {isa = PBXBuildFile; fileRef = AD8261BF2B52ABFD0013356E /* MainView.swift */; };
		AD8261C22B52ABFE0013356E /* Assets.xcassets in Resources */ = {isa = PBXBuildFile; fileRef = AD8261C12B52ABFE0013356E /* Assets.xcassets */; };
		AD8261C52B52ABFE0013356E /* Preview Assets.xcassets in Resources */ = {isa = PBXBuildFile; fileRef = AD8261C42B52ABFE0013356E /* Preview Assets.xcassets */; };
		AD8261CF2B52ABFE0013356E /* StudentMentalHealthAppTests.swift in Sources */ = {isa = PBXBuildFile; fileRef = AD8261CE2B52ABFE0013356E /* StudentMentalHealthAppTests.swift */; };
		AD8261D92B52ABFE0013356E /* StudentMentalHealthAppUITests.swift in Sources */ = {isa = PBXBuildFile; fileRef = AD8261D82B52ABFE0013356E /* StudentMentalHealthAppUITests.swift */; };
		AD8261DB2B52ABFE0013356E /* StudentMentalHealthAppUITestsLaunchTests.swift in Sources */ = {isa = PBXBuildFile; fileRef = AD8261DA2B52ABFE0013356E /* StudentMentalHealthAppUITestsLaunchTests.swift */; };
		AD8261F82B52B63D0013356E /* ProfileView.swift in Sources */ = {isa = PBXBuildFile; fileRef = AD8261F72B52B63D0013356E /* ProfileView.swift */; };
		AD8261FB2B52B6710013356E /* ToDoListView.swift in Sources */ = {isa = PBXBuildFile; fileRef = AD8261FA2B52B6710013356E /* ToDoListView.swift */; };
		AD8261FD2B52B6920013356E /* NewItemView.swift in Sources */ = {isa = PBXBuildFile; fileRef = AD8261FC2B52B6920013356E /* NewItemView.swift */; };
		AD8261FF2B52B6AB0013356E /* LoginView.swift in Sources */ = {isa = PBXBuildFile; fileRef = AD8261FE2B52B6AB0013356E /* LoginView.swift */; };
		AD8262012B52B6C20013356E /* RegisterView.swift in Sources */ = {isa = PBXBuildFile; fileRef = AD8262002B52B6C20013356E /* RegisterView.swift */; };
		AD8262032B52B7090013356E /* ToDoListItemView.swift in Sources */ = {isa = PBXBuildFile; fileRef = AD8262022B52B7090013356E /* ToDoListItemView.swift */; };
		AD8262082B52B7610013356E /* HomePageView.swift in Sources */ = {isa = PBXBuildFile; fileRef = AD8262072B52B7610013356E /* HomePageView.swift */; };
		AD82620A2B52B79B0013356E /* User.swift in Sources */ = {isa = PBXBuildFile; fileRef = AD8262092B52B79B0013356E /* User.swift */; };
		AD82620D2B52B7C30013356E /* ToDoListItem.swift in Sources */ = {isa = PBXBuildFile; fileRef = AD82620C2B52B7C30013356E /* ToDoListItem.swift */; };
		AD82620F2B52B7FD0013356E /* ToDoListViewViewModel.swift in Sources */ = {isa = PBXBuildFile; fileRef = AD82620E2B52B7FD0013356E /* ToDoListViewViewModel.swift */; };
		AD8262112B52B8070013356E /* NewItemViewViewModel.swift in Sources */ = {isa = PBXBuildFile; fileRef = AD8262102B52B8070013356E /* NewItemViewViewModel.swift */; };
		AD8262132B52B8150013356E /* ToDoListItemViewViewModel.swift in Sources */ = {isa = PBXBuildFile; fileRef = AD8262122B52B8150013356E /* ToDoListItemViewViewModel.swift */; };
		AD8262152B52B82B0013356E /* MainViewViewModel.swift in Sources */ = {isa = PBXBuildFile; fileRef = AD8262142B52B82B0013356E /* MainViewViewModel.swift */; };
		AD8262172B52B8340013356E /* ProfileViewViewModel.swift in Sources */ = {isa = PBXBuildFile; fileRef = AD8262162B52B8340013356E /* ProfileViewViewModel.swift */; };
		AD8262192B52B83E0013356E /* LoginViewViewModel.swift in Sources */ = {isa = PBXBuildFile; fileRef = AD8262182B52B83E0013356E /* LoginViewViewModel.swift */; };
		AD82621B2B52B84A0013356E /* RegisterViewViewModel.swift in Sources */ = {isa = PBXBuildFile; fileRef = AD82621A2B52B84A0013356E /* RegisterViewViewModel.swift */; };
		AD82621D2B52BC230013356E /* HeaderView.swift in Sources */ = {isa = PBXBuildFile; fileRef = AD82621C2B52BC230013356E /* HeaderView.swift */; };
		AD8A590E2B9E09A10092BC97 /* NotificationView.swift in Sources */ = {isa = PBXBuildFile; fileRef = AD8A590D2B9E09A10092BC97 /* NotificationView.swift */; };
		AD8B98172B8BCDE300CB7AAF /* GoogleService-Info.plist in Resources */ = {isa = PBXBuildFile; fileRef = AD8B98162B8BCDE300CB7AAF /* GoogleService-Info.plist */; };
		AD9364332BB0B7C400BB2494 /* meditation1.mp3 in Resources */ = {isa = PBXBuildFile; fileRef = AD9364322BB0B7C400BB2494 /* meditation1.mp3 */; };
		ADAA47BA2B66DB5C004978F2 /* Launch Screen.storyboard in Resources */ = {isa = PBXBuildFile; fileRef = ADAA47B92B66DB5C004978F2 /* Launch Screen.storyboard */; };
		ADAF57BB2BAEC9F400BA62A6 /* MeditationView.swift in Sources */ = {isa = PBXBuildFile; fileRef = ADAF57BA2BAEC9F400BA62A6 /* MeditationView.swift */; };
		ADAF57BD2BAEE1D700BA62A6 /* PlayerView.swift in Sources */ = {isa = PBXBuildFile; fileRef = ADAF57BC2BAEE1D700BA62A6 /* PlayerView.swift */; };
		ADAF57BF2BAEE4E500BA62A6 /* PlayBackControlButton.swift in Sources */ = {isa = PBXBuildFile; fileRef = ADAF57BE2BAEE4E500BA62A6 /* PlayBackControlButton.swift */; };
		ADCE5BDD2B9F43B900B9F61A /* NotificationViewModel.swift in Sources */ = {isa = PBXBuildFile; fileRef = ADCE5BDC2B9F43B900B9F61A /* NotificationViewModel.swift */; };
		ADDA97EB2BB0358E00487EAB /* MeditationViewModel.swift in Sources */ = {isa = PBXBuildFile; fileRef = ADDA97EA2BB0358E00487EAB /* MeditationViewModel.swift */; };
		ADE3AC8E2BA0AF3600BD0205 /* APIViewModel.swift in Sources */ = {isa = PBXBuildFile; fileRef = ADE3AC8D2BA0AF3600BD0205 /* APIViewModel.swift */; };
		ADF1623F2BA1F11000B8B96A /* GoalSettingHomePage.swift in Sources */ = {isa = PBXBuildFile; fileRef = ADF1623E2BA1F11000B8B96A /* GoalSettingHomePage.swift */; };
		ADF162452BA1F6A800B8B96A /* GetHelpView.swift in Sources */ = {isa = PBXBuildFile; fileRef = ADF162442BA1F6A800B8B96A /* GetHelpView.swift */; };
		ADFDE4B72B667C8D00460EDD /* HomePageViewViewModel.swift in Sources */ = {isa = PBXBuildFile; fileRef = ADFDE4B62B667C8D00460EDD /* HomePageViewViewModel.swift */; };
/* End PBXBuildFile section */

/* Begin PBXContainerItemProxy section */
		AD8261CB2B52ABFE0013356E /* PBXContainerItemProxy */ = {
			isa = PBXContainerItemProxy;
			containerPortal = AD8261B22B52ABFC0013356E /* Project object */;
			proxyType = 1;
			remoteGlobalIDString = AD8261B92B52ABFD0013356E;
			remoteInfo = StudentMentalHealthApp;
		};
		AD8261D52B52ABFE0013356E /* PBXContainerItemProxy */ = {
			isa = PBXContainerItemProxy;
			containerPortal = AD8261B22B52ABFC0013356E /* Project object */;
			proxyType = 1;
			remoteGlobalIDString = AD8261B92B52ABFD0013356E;
			remoteInfo = StudentMentalHealthApp;
		};
/* End PBXContainerItemProxy section */

/* Begin PBXFileReference section */
		AD6694702B61377D0008339A /* ButtonView.swift */ = {isa = PBXFileReference; lastKnownFileType = sourcecode.swift; path = ButtonView.swift; sourceTree = "<group>"; };
		AD6694722B6146D70008339A /* Extensions.swift */ = {isa = PBXFileReference; lastKnownFileType = sourcecode.swift; path = Extensions.swift; sourceTree = "<group>"; };
		AD7268502BB04ABA002DC1AF /* AudioManager.swift */ = {isa = PBXFileReference; lastKnownFileType = sourcecode.swift; path = AudioManager.swift; sourceTree = "<group>"; };
		AD7268542BB04F95002DC1AF /* Info.plist */ = {isa = PBXFileReference; lastKnownFileType = text.plist; path = Info.plist; sourceTree = "<group>"; };
		AD8261BA2B52ABFD0013356E /* StudentMentalHealthApp.app */ = {isa = PBXFileReference; explicitFileType = wrapper.application; includeInIndex = 0; path = StudentMentalHealthApp.app; sourceTree = BUILT_PRODUCTS_DIR; };
		AD8261BD2B52ABFD0013356E /* StudentMentalHealthAppApp.swift */ = {isa = PBXFileReference; lastKnownFileType = sourcecode.swift; path = StudentMentalHealthAppApp.swift; sourceTree = "<group>"; };
		AD8261BF2B52ABFD0013356E /* MainView.swift */ = {isa = PBXFileReference; lastKnownFileType = sourcecode.swift; path = MainView.swift; sourceTree = "<group>"; };
		AD8261C12B52ABFE0013356E /* Assets.xcassets */ = {isa = PBXFileReference; lastKnownFileType = folder.assetcatalog; path = Assets.xcassets; sourceTree = "<group>"; };
		AD8261C42B52ABFE0013356E /* Preview Assets.xcassets */ = {isa = PBXFileReference; lastKnownFileType = folder.assetcatalog; path = "Preview Assets.xcassets"; sourceTree = "<group>"; };
		AD8261CA2B52ABFE0013356E /* StudentMentalHealthAppTests.xctest */ = {isa = PBXFileReference; explicitFileType = wrapper.cfbundle; includeInIndex = 0; path = StudentMentalHealthAppTests.xctest; sourceTree = BUILT_PRODUCTS_DIR; };
		AD8261CE2B52ABFE0013356E /* StudentMentalHealthAppTests.swift */ = {isa = PBXFileReference; lastKnownFileType = sourcecode.swift; path = StudentMentalHealthAppTests.swift; sourceTree = "<group>"; };
		AD8261D42B52ABFE0013356E /* StudentMentalHealthAppUITests.xctest */ = {isa = PBXFileReference; explicitFileType = wrapper.cfbundle; includeInIndex = 0; path = StudentMentalHealthAppUITests.xctest; sourceTree = BUILT_PRODUCTS_DIR; };
		AD8261D82B52ABFE0013356E /* StudentMentalHealthAppUITests.swift */ = {isa = PBXFileReference; lastKnownFileType = sourcecode.swift; path = StudentMentalHealthAppUITests.swift; sourceTree = "<group>"; };
		AD8261DA2B52ABFE0013356E /* StudentMentalHealthAppUITestsLaunchTests.swift */ = {isa = PBXFileReference; lastKnownFileType = sourcecode.swift; path = StudentMentalHealthAppUITestsLaunchTests.swift; sourceTree = "<group>"; };
		AD8261F72B52B63D0013356E /* ProfileView.swift */ = {isa = PBXFileReference; lastKnownFileType = sourcecode.swift; path = ProfileView.swift; sourceTree = "<group>"; };
		AD8261FA2B52B6710013356E /* ToDoListView.swift */ = {isa = PBXFileReference; lastKnownFileType = sourcecode.swift; path = ToDoListView.swift; sourceTree = "<group>"; };
		AD8261FC2B52B6920013356E /* NewItemView.swift */ = {isa = PBXFileReference; lastKnownFileType = sourcecode.swift; path = NewItemView.swift; sourceTree = "<group>"; };
		AD8261FE2B52B6AB0013356E /* LoginView.swift */ = {isa = PBXFileReference; lastKnownFileType = sourcecode.swift; path = LoginView.swift; sourceTree = "<group>"; };
		AD8262002B52B6C20013356E /* RegisterView.swift */ = {isa = PBXFileReference; lastKnownFileType = sourcecode.swift; path = RegisterView.swift; sourceTree = "<group>"; };
		AD8262022B52B7090013356E /* ToDoListItemView.swift */ = {isa = PBXFileReference; lastKnownFileType = sourcecode.swift; path = ToDoListItemView.swift; sourceTree = "<group>"; };
		AD8262072B52B7610013356E /* HomePageView.swift */ = {isa = PBXFileReference; lastKnownFileType = sourcecode.swift; path = HomePageView.swift; sourceTree = "<group>"; };
		AD8262092B52B79B0013356E /* User.swift */ = {isa = PBXFileReference; lastKnownFileType = sourcecode.swift; path = User.swift; sourceTree = "<group>"; };
		AD82620C2B52B7C30013356E /* ToDoListItem.swift */ = {isa = PBXFileReference; lastKnownFileType = sourcecode.swift; path = ToDoListItem.swift; sourceTree = "<group>"; };
		AD82620E2B52B7FD0013356E /* ToDoListViewViewModel.swift */ = {isa = PBXFileReference; lastKnownFileType = sourcecode.swift; path = ToDoListViewViewModel.swift; sourceTree = "<group>"; };
		AD8262102B52B8070013356E /* NewItemViewViewModel.swift */ = {isa = PBXFileReference; lastKnownFileType = sourcecode.swift; path = NewItemViewViewModel.swift; sourceTree = "<group>"; };
		AD8262122B52B8150013356E /* ToDoListItemViewViewModel.swift */ = {isa = PBXFileReference; lastKnownFileType = sourcecode.swift; path = ToDoListItemViewViewModel.swift; sourceTree = "<group>"; };
		AD8262142B52B82B0013356E /* MainViewViewModel.swift */ = {isa = PBXFileReference; lastKnownFileType = sourcecode.swift; path = MainViewViewModel.swift; sourceTree = "<group>"; };
		AD8262162B52B8340013356E /* ProfileViewViewModel.swift */ = {isa = PBXFileReference; lastKnownFileType = sourcecode.swift; path = ProfileViewViewModel.swift; sourceTree = "<group>"; };
		AD8262182B52B83E0013356E /* LoginViewViewModel.swift */ = {isa = PBXFileReference; lastKnownFileType = sourcecode.swift; path = LoginViewViewModel.swift; sourceTree = "<group>"; };
		AD82621A2B52B84A0013356E /* RegisterViewViewModel.swift */ = {isa = PBXFileReference; lastKnownFileType = sourcecode.swift; path = RegisterViewViewModel.swift; sourceTree = "<group>"; };
		AD82621C2B52BC230013356E /* HeaderView.swift */ = {isa = PBXFileReference; lastKnownFileType = sourcecode.swift; path = HeaderView.swift; sourceTree = "<group>"; };
		AD8A590D2B9E09A10092BC97 /* NotificationView.swift */ = {isa = PBXFileReference; lastKnownFileType = sourcecode.swift; path = NotificationView.swift; sourceTree = "<group>"; };
		AD8B98162B8BCDE300CB7AAF /* GoogleService-Info.plist */ = {isa = PBXFileReference; fileEncoding = 4; lastKnownFileType = text.plist.xml; path = "GoogleService-Info.plist"; sourceTree = "<group>"; };
		AD9364322BB0B7C400BB2494 /* meditation1.mp3 */ = {isa = PBXFileReference; lastKnownFileType = audio.mp3; path = meditation1.mp3; sourceTree = "<group>"; };
		ADAA47B92B66DB5C004978F2 /* Launch Screen.storyboard */ = {isa = PBXFileReference; lastKnownFileType = file.storyboard; path = "Launch Screen.storyboard"; sourceTree = "<group>"; };
		ADAF57BA2BAEC9F400BA62A6 /* MeditationView.swift */ = {isa = PBXFileReference; lastKnownFileType = sourcecode.swift; path = MeditationView.swift; sourceTree = "<group>"; };
		ADAF57BC2BAEE1D700BA62A6 /* PlayerView.swift */ = {isa = PBXFileReference; lastKnownFileType = sourcecode.swift; path = PlayerView.swift; sourceTree = "<group>"; };
		ADAF57BE2BAEE4E500BA62A6 /* PlayBackControlButton.swift */ = {isa = PBXFileReference; lastKnownFileType = sourcecode.swift; path = PlayBackControlButton.swift; sourceTree = "<group>"; };
		ADCE5BDC2B9F43B900B9F61A /* NotificationViewModel.swift */ = {isa = PBXFileReference; lastKnownFileType = sourcecode.swift; path = NotificationViewModel.swift; sourceTree = "<group>"; };
		ADDA97EA2BB0358E00487EAB /* MeditationViewModel.swift */ = {isa = PBXFileReference; lastKnownFileType = sourcecode.swift; path = MeditationViewModel.swift; sourceTree = "<group>"; };
		ADE3AC8D2BA0AF3600BD0205 /* APIViewModel.swift */ = {isa = PBXFileReference; lastKnownFileType = sourcecode.swift; path = APIViewModel.swift; sourceTree = "<group>"; };
		ADF1623E2BA1F11000B8B96A /* GoalSettingHomePage.swift */ = {isa = PBXFileReference; lastKnownFileType = sourcecode.swift; path = GoalSettingHomePage.swift; sourceTree = "<group>"; };
		ADF162442BA1F6A800B8B96A /* GetHelpView.swift */ = {isa = PBXFileReference; lastKnownFileType = sourcecode.swift; path = GetHelpView.swift; sourceTree = "<group>"; };
		ADFDE4B62B667C8D00460EDD /* HomePageViewViewModel.swift */ = {isa = PBXFileReference; lastKnownFileType = sourcecode.swift; path = HomePageViewViewModel.swift; sourceTree = "<group>"; };
/* End PBXFileReference section */

/* Begin PBXFrameworksBuildPhase section */
		AD8261B72B52ABFD0013356E /* Frameworks */ = {
			isa = PBXFrameworksBuildPhase;
			buildActionMask = 2147483647;
			files = (
				AD27D06C2B8CC78200E1EEF7 /* FirebaseFirestore in Frameworks */,
				AD27D06E2B8CC78C00E1EEF7 /* FirebaseAuth in Frameworks */,
				AD27D0702B8CC79800E1EEF7 /* FirebaseFirestoreSwift in Frameworks */,
			);
			runOnlyForDeploymentPostprocessing = 0;
		};
		AD8261C72B52ABFE0013356E /* Frameworks */ = {
			isa = PBXFrameworksBuildPhase;
			buildActionMask = 2147483647;
			files = (
			);
			runOnlyForDeploymentPostprocessing = 0;
		};
		AD8261D12B52ABFE0013356E /* Frameworks */ = {
			isa = PBXFrameworksBuildPhase;
			buildActionMask = 2147483647;
			files = (
			);
			runOnlyForDeploymentPostprocessing = 0;
		};
/* End PBXFrameworksBuildPhase section */

/* Begin PBXGroup section */
		AD27D06A2B8CC78200E1EEF7 /* Frameworks */ = {
			isa = PBXGroup;
			children = (
			);
			name = Frameworks;
			sourceTree = "<group>";
		};
		AD72684F2BB04AAE002DC1AF /* Models */ = {
			isa = PBXGroup;
			children = (
				AD7268502BB04ABA002DC1AF /* AudioManager.swift */,
			);
			path = Models;
			sourceTree = "<group>";
		};
		AD8261B12B52ABFC0013356E = {
			isa = PBXGroup;
			children = (
				AD8261BC2B52ABFD0013356E /* StudentMentalHealthApp */,
				AD8261CD2B52ABFE0013356E /* StudentMentalHealthAppTests */,
				AD8261D72B52ABFE0013356E /* StudentMentalHealthAppUITests */,
				AD8261BB2B52ABFD0013356E /* Products */,
				AD27D06A2B8CC78200E1EEF7 /* Frameworks */,
			);
			sourceTree = "<group>";
		};
		AD8261BB2B52ABFD0013356E /* Products */ = {
			isa = PBXGroup;
			children = (
				AD8261BA2B52ABFD0013356E /* StudentMentalHealthApp.app */,
				AD8261CA2B52ABFE0013356E /* StudentMentalHealthAppTests.xctest */,
				AD8261D42B52ABFE0013356E /* StudentMentalHealthAppUITests.xctest */,
			);
			name = Products;
			sourceTree = "<group>";
		};
		AD8261BC2B52ABFD0013356E /* StudentMentalHealthApp */ = {
			isa = PBXGroup;
			children = (
				AD7268542BB04F95002DC1AF /* Info.plist */,
				ADAF57B82BAEC9E200BA62A6 /* Meditation */,
				ADF162422BA1F68100B8B96A /* GetHelp */,
				ADF1623B2BA1F0E300B8B96A /* GoalSetting */,
				AD8261F62B52B5890013356E /* Homepage */,
				AD8261F52B52B4E20013356E /* Todolist */,
				AD8261F42B52B4AF0013356E /* Login&signup */,
				AD8261F32B52B43E0013356E /* Other */,
				AD8261C32B52ABFE0013356E /* Preview Content */,
			);
			path = StudentMentalHealthApp;
			sourceTree = "<group>";
		};
		AD8261C32B52ABFE0013356E /* Preview Content */ = {
			isa = PBXGroup;
			children = (
				AD8261C42B52ABFE0013356E /* Preview Assets.xcassets */,
			);
			path = "Preview Content";
			sourceTree = "<group>";
		};
		AD8261CD2B52ABFE0013356E /* StudentMentalHealthAppTests */ = {
			isa = PBXGroup;
			children = (
				AD8261CE2B52ABFE0013356E /* StudentMentalHealthAppTests.swift */,
			);
			path = StudentMentalHealthAppTests;
			sourceTree = "<group>";
		};
		AD8261D72B52ABFE0013356E /* StudentMentalHealthAppUITests */ = {
			isa = PBXGroup;
			children = (
				AD8261D82B52ABFE0013356E /* StudentMentalHealthAppUITests.swift */,
				AD8261DA2B52ABFE0013356E /* StudentMentalHealthAppUITestsLaunchTests.swift */,
			);
			path = StudentMentalHealthAppUITests;
			sourceTree = "<group>";
		};
		AD8261F02B52B4000013356E /* Views */ = {
			isa = PBXGroup;
			children = (
				AD8261BF2B52ABFD0013356E /* MainView.swift */,
				AD8261F72B52B63D0013356E /* ProfileView.swift */,
				AD8261FE2B52B6AB0013356E /* LoginView.swift */,
				AD8262002B52B6C20013356E /* RegisterView.swift */,
				AD82621C2B52BC230013356E /* HeaderView.swift */,
				AD6694702B61377D0008339A /* ButtonView.swift */,
			);
			path = Views;
			sourceTree = "<group>";
		};
		AD8261F12B52B4070013356E /* ViewModels */ = {
			isa = PBXGroup;
			children = (
				AD8262142B52B82B0013356E /* MainViewViewModel.swift */,
				AD8262162B52B8340013356E /* ProfileViewViewModel.swift */,
				AD8262182B52B83E0013356E /* LoginViewViewModel.swift */,
				AD82621A2B52B84A0013356E /* RegisterViewViewModel.swift */,
			);
			path = ViewModels;
			sourceTree = "<group>";
		};
		AD8261F22B52B41B0013356E /* Models */ = {
			isa = PBXGroup;
			children = (
				AD8262092B52B79B0013356E /* User.swift */,
			);
			path = Models;
			sourceTree = "<group>";
		};
		AD8261F32B52B43E0013356E /* Other */ = {
			isa = PBXGroup;
			children = (
				AD8261C12B52ABFE0013356E /* Assets.xcassets */,
				AD9364322BB0B7C400BB2494 /* meditation1.mp3 */,
				AD8B98162B8BCDE300CB7AAF /* GoogleService-Info.plist */,
				AD8261BD2B52ABFD0013356E /* StudentMentalHealthAppApp.swift */,
				AD6694722B6146D70008339A /* Extensions.swift */,
				ADAA47B92B66DB5C004978F2 /* Launch Screen.storyboard */,
			);
			path = Other;
			sourceTree = "<group>";
		};
		AD8261F42B52B4AF0013356E /* Login&signup */ = {
			isa = PBXGroup;
			children = (
				AD8261F22B52B41B0013356E /* Models */,
				AD8261F12B52B4070013356E /* ViewModels */,
				AD8261F02B52B4000013356E /* Views */,
			);
			path = "Login&signup";
			sourceTree = "<group>";
		};
		AD8261F52B52B4E20013356E /* Todolist */ = {
			isa = PBXGroup;
			children = (
				AD82620B2B52B7B20013356E /* Models */,
				AD8262052B52B7480013356E /* ViewModels */,
				AD8261F92B52B6530013356E /* Views */,
			);
			path = Todolist;
			sourceTree = "<group>";
		};
		AD8261F62B52B5890013356E /* Homepage */ = {
			isa = PBXGroup;
			children = (
				ADFDE4B52B667C7600460EDD /* ViewModels */,
				AD8262062B52B7530013356E /* Views */,
			);
			path = Homepage;
			sourceTree = "<group>";
		};
		AD8261F92B52B6530013356E /* Views */ = {
			isa = PBXGroup;
			children = (
				AD8261FA2B52B6710013356E /* ToDoListView.swift */,
				AD8261FC2B52B6920013356E /* NewItemView.swift */,
				AD8262022B52B7090013356E /* ToDoListItemView.swift */,
			);
			path = Views;
			sourceTree = "<group>";
		};
		AD8262052B52B7480013356E /* ViewModels */ = {
			isa = PBXGroup;
			children = (
				AD82620E2B52B7FD0013356E /* ToDoListViewViewModel.swift */,
				AD8262102B52B8070013356E /* NewItemViewViewModel.swift */,
				AD8262122B52B8150013356E /* ToDoListItemViewViewModel.swift */,
			);
			path = ViewModels;
			sourceTree = "<group>";
		};
		AD8262062B52B7530013356E /* Views */ = {
			isa = PBXGroup;
			children = (
				AD8262072B52B7610013356E /* HomePageView.swift */,
				AD8A590D2B9E09A10092BC97 /* NotificationView.swift */,
			);
			path = Views;
			sourceTree = "<group>";
		};
		AD82620B2B52B7B20013356E /* Models */ = {
			isa = PBXGroup;
			children = (
				AD82620C2B52B7C30013356E /* ToDoListItem.swift */,
			);
			path = Models;
			sourceTree = "<group>";
		};
		ADAF57B82BAEC9E200BA62A6 /* Meditation */ = {
			isa = PBXGroup;
			children = (
				AD72684F2BB04AAE002DC1AF /* Models */,
				ADDA97E92BB0357400487EAB /* ViewModels */,
				ADAF57B92BAEC9EA00BA62A6 /* Views */,
			);
			path = Meditation;
			sourceTree = "<group>";
		};
		ADAF57B92BAEC9EA00BA62A6 /* Views */ = {
			isa = PBXGroup;
			children = (
				ADAF57BA2BAEC9F400BA62A6 /* MeditationView.swift */,
				ADAF57BC2BAEE1D700BA62A6 /* PlayerView.swift */,
				ADAF57BE2BAEE4E500BA62A6 /* PlayBackControlButton.swift */,
			);
			path = Views;
			sourceTree = "<group>";
		};
		ADDA97E92BB0357400487EAB /* ViewModels */ = {
			isa = PBXGroup;
			children = (
				ADDA97EA2BB0358E00487EAB /* MeditationViewModel.swift */,
			);
			path = ViewModels;
			sourceTree = "<group>";
		};
		ADF1623B2BA1F0E300B8B96A /* GoalSetting */ = {
			isa = PBXGroup;
			children = (
				ADF1623D2BA1F0F700B8B96A /* ViewModels */,
				ADF1623C2BA1F0F300B8B96A /* Views */,
			);
			path = GoalSetting;
			sourceTree = "<group>";
		};
		ADF1623C2BA1F0F300B8B96A /* Views */ = {
			isa = PBXGroup;
			children = (
				ADF1623E2BA1F11000B8B96A /* GoalSettingHomePage.swift */,
			);
			path = Views;
			sourceTree = "<group>";
		};
		ADF1623D2BA1F0F700B8B96A /* ViewModels */ = {
			isa = PBXGroup;
			children = (
			);
			path = ViewModels;
			sourceTree = "<group>";
		};
		ADF162422BA1F68100B8B96A /* GetHelp */ = {
			isa = PBXGroup;
			children = (
				ADF162432BA1F68C00B8B96A /* Views */,
			);
			path = GetHelp;
			sourceTree = "<group>";
		};
		ADF162432BA1F68C00B8B96A /* Views */ = {
			isa = PBXGroup;
			children = (
				ADF162442BA1F6A800B8B96A /* GetHelpView.swift */,
			);
			path = Views;
			sourceTree = "<group>";
		};
		ADFDE4B52B667C7600460EDD /* ViewModels */ = {
			isa = PBXGroup;
			children = (
				ADFDE4B62B667C8D00460EDD /* HomePageViewViewModel.swift */,
				ADCE5BDC2B9F43B900B9F61A /* NotificationViewModel.swift */,
				ADE3AC8D2BA0AF3600BD0205 /* APIViewModel.swift */,
			);
			path = ViewModels;
			sourceTree = "<group>";
		};
/* End PBXGroup section */

/* Begin PBXNativeTarget section */
		AD8261B92B52ABFD0013356E /* StudentMentalHealthApp */ = {
			isa = PBXNativeTarget;
			buildConfigurationList = AD8261DE2B52ABFE0013356E /* Build configuration list for PBXNativeTarget "StudentMentalHealthApp" */;
			buildPhases = (
				AD8261B62B52ABFD0013356E /* Sources */,
				AD8261B72B52ABFD0013356E /* Frameworks */,
				AD8261B82B52ABFD0013356E /* Resources */,
			);
			buildRules = (
			);
			dependencies = (
			);
			name = StudentMentalHealthApp;
			packageProductDependencies = (
				AD27D06B2B8CC78200E1EEF7 /* FirebaseFirestore */,
				AD27D06D2B8CC78C00E1EEF7 /* FirebaseAuth */,
				AD27D06F2B8CC79800E1EEF7 /* FirebaseFirestoreSwift */,
			);
			productName = StudentMentalHealthApp;
			productReference = AD8261BA2B52ABFD0013356E /* StudentMentalHealthApp.app */;
			productType = "com.apple.product-type.application";
		};
		AD8261C92B52ABFE0013356E /* StudentMentalHealthAppTests */ = {
			isa = PBXNativeTarget;
			buildConfigurationList = AD8261E12B52ABFE0013356E /* Build configuration list for PBXNativeTarget "StudentMentalHealthAppTests" */;
			buildPhases = (
				AD8261C62B52ABFE0013356E /* Sources */,
				AD8261C72B52ABFE0013356E /* Frameworks */,
				AD8261C82B52ABFE0013356E /* Resources */,
			);
			buildRules = (
			);
			dependencies = (
				AD8261CC2B52ABFE0013356E /* PBXTargetDependency */,
			);
			name = StudentMentalHealthAppTests;
			productName = StudentMentalHealthAppTests;
			productReference = AD8261CA2B52ABFE0013356E /* StudentMentalHealthAppTests.xctest */;
			productType = "com.apple.product-type.bundle.unit-test";
		};
		AD8261D32B52ABFE0013356E /* StudentMentalHealthAppUITests */ = {
			isa = PBXNativeTarget;
			buildConfigurationList = AD8261E42B52ABFE0013356E /* Build configuration list for PBXNativeTarget "StudentMentalHealthAppUITests" */;
			buildPhases = (
				AD8261D02B52ABFE0013356E /* Sources */,
				AD8261D12B52ABFE0013356E /* Frameworks */,
				AD8261D22B52ABFE0013356E /* Resources */,
			);
			buildRules = (
			);
			dependencies = (
				AD8261D62B52ABFE0013356E /* PBXTargetDependency */,
			);
			name = StudentMentalHealthAppUITests;
			productName = StudentMentalHealthAppUITests;
			productReference = AD8261D42B52ABFE0013356E /* StudentMentalHealthAppUITests.xctest */;
			productType = "com.apple.product-type.bundle.ui-testing";
		};
/* End PBXNativeTarget section */

/* Begin PBXProject section */
		AD8261B22B52ABFC0013356E /* Project object */ = {
			isa = PBXProject;
			attributes = {
				BuildIndependentTargetsInParallel = 1;
				LastSwiftUpdateCheck = 1430;
				LastUpgradeCheck = 1520;
				TargetAttributes = {
					AD8261B92B52ABFD0013356E = {
						CreatedOnToolsVersion = 14.3.1;
					};
					AD8261C92B52ABFE0013356E = {
						CreatedOnToolsVersion = 14.3.1;
						TestTargetID = AD8261B92B52ABFD0013356E;
					};
					AD8261D32B52ABFE0013356E = {
						CreatedOnToolsVersion = 14.3.1;
						TestTargetID = AD8261B92B52ABFD0013356E;
					};
				};
			};
			buildConfigurationList = AD8261B52B52ABFC0013356E /* Build configuration list for PBXProject "StudentMentalHealthApp" */;
			compatibilityVersion = "Xcode 14.0";
			developmentRegion = en;
			hasScannedForEncodings = 0;
			knownRegions = (
				en,
				Base,
			);
			mainGroup = AD8261B12B52ABFC0013356E;
			packageReferences = (
				AD27D0692B8CC72E00E1EEF7 /* XCRemoteSwiftPackageReference "firebase-ios-sdk" */,
			);
			productRefGroup = AD8261BB2B52ABFD0013356E /* Products */;
			projectDirPath = "";
			projectRoot = "";
			targets = (
				AD8261B92B52ABFD0013356E /* StudentMentalHealthApp */,
				AD8261C92B52ABFE0013356E /* StudentMentalHealthAppTests */,
				AD8261D32B52ABFE0013356E /* StudentMentalHealthAppUITests */,
			);
		};
/* End PBXProject section */

/* Begin PBXResourcesBuildPhase section */
		AD8261B82B52ABFD0013356E /* Resources */ = {
			isa = PBXResourcesBuildPhase;
			buildActionMask = 2147483647;
			files = (
				AD8261C52B52ABFE0013356E /* Preview Assets.xcassets in Resources */,
				AD8B98172B8BCDE300CB7AAF /* GoogleService-Info.plist in Resources */,
				AD8261C22B52ABFE0013356E /* Assets.xcassets in Resources */,
				AD9364332BB0B7C400BB2494 /* meditation1.mp3 in Resources */,
				ADAA47BA2B66DB5C004978F2 /* Launch Screen.storyboard in Resources */,
			);
			runOnlyForDeploymentPostprocessing = 0;
		};
		AD8261C82B52ABFE0013356E /* Resources */ = {
			isa = PBXResourcesBuildPhase;
			buildActionMask = 2147483647;
			files = (
			);
			runOnlyForDeploymentPostprocessing = 0;
		};
		AD8261D22B52ABFE0013356E /* Resources */ = {
			isa = PBXResourcesBuildPhase;
			buildActionMask = 2147483647;
			files = (
			);
			runOnlyForDeploymentPostprocessing = 0;
		};
/* End PBXResourcesBuildPhase section */

/* Begin PBXSourcesBuildPhase section */
		AD8261B62B52ABFD0013356E /* Sources */ = {
			isa = PBXSourcesBuildPhase;
			buildActionMask = 2147483647;
			files = (
				AD8262132B52B8150013356E /* ToDoListItemViewViewModel.swift in Sources */,
				AD82620D2B52B7C30013356E /* ToDoListItem.swift in Sources */,
				AD6694712B61377D0008339A /* ButtonView.swift in Sources */,
				ADFDE4B72B667C8D00460EDD /* HomePageViewViewModel.swift in Sources */,
				ADDA97EB2BB0358E00487EAB /* MeditationViewModel.swift in Sources */,
				ADAF57BF2BAEE4E500BA62A6 /* PlayBackControlButton.swift in Sources */,
				AD8A590E2B9E09A10092BC97 /* NotificationView.swift in Sources */,
				AD8261FF2B52B6AB0013356E /* LoginView.swift in Sources */,
				AD8261C02B52ABFD0013356E /* MainView.swift in Sources */,
				AD8262112B52B8070013356E /* NewItemViewViewModel.swift in Sources */,
				AD8261FB2B52B6710013356E /* ToDoListView.swift in Sources */,
				ADAF57BD2BAEE1D700BA62A6 /* PlayerView.swift in Sources */,
				AD82621D2B52BC230013356E /* HeaderView.swift in Sources */,
				ADF162452BA1F6A800B8B96A /* GetHelpView.swift in Sources */,
				AD8262192B52B83E0013356E /* LoginViewViewModel.swift in Sources */,
				AD8262012B52B6C20013356E /* RegisterView.swift in Sources */,
				AD82621B2B52B84A0013356E /* RegisterViewViewModel.swift in Sources */,
				ADF1623F2BA1F11000B8B96A /* GoalSettingHomePage.swift in Sources */,
				AD8261F82B52B63D0013356E /* ProfileView.swift in Sources */,
				ADAF57BB2BAEC9F400BA62A6 /* MeditationView.swift in Sources */,
				AD8262152B52B82B0013356E /* MainViewViewModel.swift in Sources */,
				AD6694732B6146D70008339A /* Extensions.swift in Sources */,
				AD8262032B52B7090013356E /* ToDoListItemView.swift in Sources */,
				ADE3AC8E2BA0AF3600BD0205 /* APIViewModel.swift in Sources */,
				ADCE5BDD2B9F43B900B9F61A /* NotificationViewModel.swift in Sources */,
				AD82620F2B52B7FD0013356E /* ToDoListViewViewModel.swift in Sources */,
				AD7268512BB04ABA002DC1AF /* AudioManager.swift in Sources */,
				AD8261BE2B52ABFD0013356E /* StudentMentalHealthAppApp.swift in Sources */,
				AD8262082B52B7610013356E /* HomePageView.swift in Sources */,
				AD8262172B52B8340013356E /* ProfileViewViewModel.swift in Sources */,
				AD82620A2B52B79B0013356E /* User.swift in Sources */,
				AD8261FD2B52B6920013356E /* NewItemView.swift in Sources */,
			);
			runOnlyForDeploymentPostprocessing = 0;
		};
		AD8261C62B52ABFE0013356E /* Sources */ = {
			isa = PBXSourcesBuildPhase;
			buildActionMask = 2147483647;
			files = (
				AD8261CF2B52ABFE0013356E /* StudentMentalHealthAppTests.swift in Sources */,
			);
			runOnlyForDeploymentPostprocessing = 0;
		};
		AD8261D02B52ABFE0013356E /* Sources */ = {
			isa = PBXSourcesBuildPhase;
			buildActionMask = 2147483647;
			files = (
				AD8261D92B52ABFE0013356E /* StudentMentalHealthAppUITests.swift in Sources */,
				AD8261DB2B52ABFE0013356E /* StudentMentalHealthAppUITestsLaunchTests.swift in Sources */,
			);
			runOnlyForDeploymentPostprocessing = 0;
		};
/* End PBXSourcesBuildPhase section */

/* Begin PBXTargetDependency section */
		AD8261CC2B52ABFE0013356E /* PBXTargetDependency */ = {
			isa = PBXTargetDependency;
			target = AD8261B92B52ABFD0013356E /* StudentMentalHealthApp */;
			targetProxy = AD8261CB2B52ABFE0013356E /* PBXContainerItemProxy */;
		};
		AD8261D62B52ABFE0013356E /* PBXTargetDependency */ = {
			isa = PBXTargetDependency;
			target = AD8261B92B52ABFD0013356E /* StudentMentalHealthApp */;
			targetProxy = AD8261D52B52ABFE0013356E /* PBXContainerItemProxy */;
		};
/* End PBXTargetDependency section */

/* Begin XCBuildConfiguration section */
		AD8261DC2B52ABFE0013356E /* Debug */ = {
			isa = XCBuildConfiguration;
			buildSettings = {
				ALWAYS_SEARCH_USER_PATHS = NO;
				CLANG_ANALYZER_NONNULL = YES;
				CLANG_ANALYZER_NUMBER_OBJECT_CONVERSION = YES_AGGRESSIVE;
				CLANG_CXX_LANGUAGE_STANDARD = "gnu++20";
				CLANG_ENABLE_MODULES = YES;
				CLANG_ENABLE_OBJC_ARC = YES;
				CLANG_ENABLE_OBJC_WEAK = YES;
				CLANG_WARN_BLOCK_CAPTURE_AUTORELEASING = YES;
				CLANG_WARN_BOOL_CONVERSION = YES;
				CLANG_WARN_COMMA = YES;
				CLANG_WARN_CONSTANT_CONVERSION = YES;
				CLANG_WARN_DEPRECATED_OBJC_IMPLEMENTATIONS = YES;
				CLANG_WARN_DIRECT_OBJC_ISA_USAGE = YES_ERROR;
				CLANG_WARN_DOCUMENTATION_COMMENTS = YES;
				CLANG_WARN_EMPTY_BODY = YES;
				CLANG_WARN_ENUM_CONVERSION = YES;
				CLANG_WARN_INFINITE_RECURSION = YES;
				CLANG_WARN_INT_CONVERSION = YES;
				CLANG_WARN_NON_LITERAL_NULL_CONVERSION = YES;
				CLANG_WARN_OBJC_IMPLICIT_RETAIN_SELF = YES;
				CLANG_WARN_OBJC_LITERAL_CONVERSION = YES;
				CLANG_WARN_OBJC_ROOT_CLASS = YES_ERROR;
				CLANG_WARN_QUOTED_INCLUDE_IN_FRAMEWORK_HEADER = YES;
				CLANG_WARN_RANGE_LOOP_ANALYSIS = YES;
				CLANG_WARN_STRICT_PROTOTYPES = YES;
				CLANG_WARN_SUSPICIOUS_MOVE = YES;
				CLANG_WARN_UNGUARDED_AVAILABILITY = YES_AGGRESSIVE;
				CLANG_WARN_UNREACHABLE_CODE = YES;
				CLANG_WARN__DUPLICATE_METHOD_MATCH = YES;
				COPY_PHASE_STRIP = NO;
				DEBUG_INFORMATION_FORMAT = dwarf;
				ENABLE_STRICT_OBJC_MSGSEND = YES;
				ENABLE_TESTABILITY = YES;
				ENABLE_USER_SCRIPT_SANDBOXING = YES;
				GCC_C_LANGUAGE_STANDARD = gnu11;
				GCC_DYNAMIC_NO_PIC = NO;
				GCC_NO_COMMON_BLOCKS = YES;
				GCC_OPTIMIZATION_LEVEL = 0;
				GCC_PREPROCESSOR_DEFINITIONS = (
					"DEBUG=1",
					"$(inherited)",
				);
				GCC_WARN_64_TO_32_BIT_CONVERSION = YES;
				GCC_WARN_ABOUT_RETURN_TYPE = YES_ERROR;
				GCC_WARN_UNDECLARED_SELECTOR = YES;
				GCC_WARN_UNINITIALIZED_AUTOS = YES_AGGRESSIVE;
				GCC_WARN_UNUSED_FUNCTION = YES;
				GCC_WARN_UNUSED_VARIABLE = YES;
				IPHONEOS_DEPLOYMENT_TARGET = 16.4;
				MTL_ENABLE_DEBUG_INFO = INCLUDE_SOURCE;
				MTL_FAST_MATH = YES;
				ONLY_ACTIVE_ARCH = YES;
				SDKROOT = iphoneos;
				SWIFT_ACTIVE_COMPILATION_CONDITIONS = DEBUG;
				SWIFT_OPTIMIZATION_LEVEL = "-Onone";
			};
			name = Debug;
		};
		AD8261DD2B52ABFE0013356E /* Release */ = {
			isa = XCBuildConfiguration;
			buildSettings = {
				ALWAYS_SEARCH_USER_PATHS = NO;
				CLANG_ANALYZER_NONNULL = YES;
				CLANG_ANALYZER_NUMBER_OBJECT_CONVERSION = YES_AGGRESSIVE;
				CLANG_CXX_LANGUAGE_STANDARD = "gnu++20";
				CLANG_ENABLE_MODULES = YES;
				CLANG_ENABLE_OBJC_ARC = YES;
				CLANG_ENABLE_OBJC_WEAK = YES;
				CLANG_WARN_BLOCK_CAPTURE_AUTORELEASING = YES;
				CLANG_WARN_BOOL_CONVERSION = YES;
				CLANG_WARN_COMMA = YES;
				CLANG_WARN_CONSTANT_CONVERSION = YES;
				CLANG_WARN_DEPRECATED_OBJC_IMPLEMENTATIONS = YES;
				CLANG_WARN_DIRECT_OBJC_ISA_USAGE = YES_ERROR;
				CLANG_WARN_DOCUMENTATION_COMMENTS = YES;
				CLANG_WARN_EMPTY_BODY = YES;
				CLANG_WARN_ENUM_CONVERSION = YES;
				CLANG_WARN_INFINITE_RECURSION = YES;
				CLANG_WARN_INT_CONVERSION = YES;
				CLANG_WARN_NON_LITERAL_NULL_CONVERSION = YES;
				CLANG_WARN_OBJC_IMPLICIT_RETAIN_SELF = YES;
				CLANG_WARN_OBJC_LITERAL_CONVERSION = YES;
				CLANG_WARN_OBJC_ROOT_CLASS = YES_ERROR;
				CLANG_WARN_QUOTED_INCLUDE_IN_FRAMEWORK_HEADER = YES;
				CLANG_WARN_RANGE_LOOP_ANALYSIS = YES;
				CLANG_WARN_STRICT_PROTOTYPES = YES;
				CLANG_WARN_SUSPICIOUS_MOVE = YES;
				CLANG_WARN_UNGUARDED_AVAILABILITY = YES_AGGRESSIVE;
				CLANG_WARN_UNREACHABLE_CODE = YES;
				CLANG_WARN__DUPLICATE_METHOD_MATCH = YES;
				COPY_PHASE_STRIP = NO;
				DEBUG_INFORMATION_FORMAT = "dwarf-with-dsym";
				ENABLE_NS_ASSERTIONS = NO;
				ENABLE_STRICT_OBJC_MSGSEND = YES;
				ENABLE_USER_SCRIPT_SANDBOXING = YES;
				GCC_C_LANGUAGE_STANDARD = gnu11;
				GCC_NO_COMMON_BLOCKS = YES;
				GCC_WARN_64_TO_32_BIT_CONVERSION = YES;
				GCC_WARN_ABOUT_RETURN_TYPE = YES_ERROR;
				GCC_WARN_UNDECLARED_SELECTOR = YES;
				GCC_WARN_UNINITIALIZED_AUTOS = YES_AGGRESSIVE;
				GCC_WARN_UNUSED_FUNCTION = YES;
				GCC_WARN_UNUSED_VARIABLE = YES;
				IPHONEOS_DEPLOYMENT_TARGET = 16.4;
				MTL_ENABLE_DEBUG_INFO = NO;
				MTL_FAST_MATH = YES;
				SDKROOT = iphoneos;
				SWIFT_COMPILATION_MODE = wholemodule;
				SWIFT_OPTIMIZATION_LEVEL = "-O";
				VALIDATE_PRODUCT = YES;
			};
			name = Release;
		};
		AD8261DF2B52ABFE0013356E /* Debug */ = {
			isa = XCBuildConfiguration;
			buildSettings = {
				ASSETCATALOG_COMPILER_APPICON_NAME = AppIcon;
				ASSETCATALOG_COMPILER_GLOBAL_ACCENT_COLOR_NAME = AccentColor;
				CODE_SIGN_STYLE = Automatic;
				CURRENT_PROJECT_VERSION = 1;
				DEVELOPMENT_ASSET_PATHS = "\"StudentMentalHealthApp/Preview Content\"";
				ENABLE_PREVIEWS = YES;
				GENERATE_INFOPLIST_FILE = YES;
				INFOPLIST_FILE = StudentMentalHealthApp/Info.plist;
				INFOPLIST_KEY_CFBundleDisplayName = SMH;
				INFOPLIST_KEY_UIApplicationSceneManifest_Generation = YES;
				INFOPLIST_KEY_UIApplicationSupportsIndirectInputEvents = YES;
				INFOPLIST_KEY_UILaunchScreen_Generation = YES;
				INFOPLIST_KEY_UILaunchStoryboardName = "Launch Screen.storyboard";
				INFOPLIST_KEY_UISupportedInterfaceOrientations = UIInterfaceOrientationPortrait;
				IPHONEOS_DEPLOYMENT_TARGET = 16.4;
				LD_RUNPATH_SEARCH_PATHS = (
					"$(inherited)",
					"@executable_path/Frameworks",
				);
				MARKETING_VERSION = 1.0;
				PRODUCT_BUNDLE_IDENTIFIER = com.ADA.StudentMentalHealthApp;
				PRODUCT_NAME = "$(TARGET_NAME)";
				SWIFT_EMIT_LOC_STRINGS = YES;
				SWIFT_VERSION = 5.0;
				TARGETED_DEVICE_FAMILY = "1,2";
			};
			name = Debug;
		};
		AD8261E02B52ABFE0013356E /* Release */ = {
			isa = XCBuildConfiguration;
			buildSettings = {
				ASSETCATALOG_COMPILER_APPICON_NAME = AppIcon;
				ASSETCATALOG_COMPILER_GLOBAL_ACCENT_COLOR_NAME = AccentColor;
				CODE_SIGN_STYLE = Automatic;
				CURRENT_PROJECT_VERSION = 1;
				DEVELOPMENT_ASSET_PATHS = "\"StudentMentalHealthApp/Preview Content\"";
				ENABLE_PREVIEWS = YES;
				GENERATE_INFOPLIST_FILE = YES;
				INFOPLIST_FILE = StudentMentalHealthApp/Info.plist;
				INFOPLIST_KEY_CFBundleDisplayName = SMH;
				INFOPLIST_KEY_UIApplicationSceneManifest_Generation = YES;
				INFOPLIST_KEY_UIApplicationSupportsIndirectInputEvents = YES;
				INFOPLIST_KEY_UILaunchScreen_Generation = YES;
				INFOPLIST_KEY_UILaunchStoryboardName = "Launch Screen.storyboard";
				INFOPLIST_KEY_UISupportedInterfaceOrientations = UIInterfaceOrientationPortrait;
				IPHONEOS_DEPLOYMENT_TARGET = 16.4;
				LD_RUNPATH_SEARCH_PATHS = (
					"$(inherited)",
					"@executable_path/Frameworks",
				);
				MARKETING_VERSION = 1.0;
				PRODUCT_BUNDLE_IDENTIFIER = com.ADA.StudentMentalHealthApp;
				PRODUCT_NAME = "$(TARGET_NAME)";
				SWIFT_EMIT_LOC_STRINGS = YES;
				SWIFT_VERSION = 5.0;
				TARGETED_DEVICE_FAMILY = "1,2";
			};
			name = Release;
		};
		AD8261E22B52ABFE0013356E /* Debug */ = {
			isa = XCBuildConfiguration;
			buildSettings = {
				ALWAYS_EMBED_SWIFT_STANDARD_LIBRARIES = YES;
				BUNDLE_LOADER = "$(TEST_HOST)";
				CODE_SIGN_STYLE = Automatic;
				CURRENT_PROJECT_VERSION = 1;
				GENERATE_INFOPLIST_FILE = YES;
				IPHONEOS_DEPLOYMENT_TARGET = 16.4;
				MARKETING_VERSION = 1.0;
				PRODUCT_BUNDLE_IDENTIFIER = com.ADA.StudentMentalHealthAppTests;
				PRODUCT_NAME = "$(TARGET_NAME)";
				SWIFT_EMIT_LOC_STRINGS = NO;
				SWIFT_VERSION = 5.0;
				TARGETED_DEVICE_FAMILY = "1,2";
				TEST_HOST = "$(BUILT_PRODUCTS_DIR)/StudentMentalHealthApp.app/$(BUNDLE_EXECUTABLE_FOLDER_PATH)/StudentMentalHealthApp";
			};
			name = Debug;
		};
		AD8261E32B52ABFE0013356E /* Release */ = {
			isa = XCBuildConfiguration;
			buildSettings = {
				ALWAYS_EMBED_SWIFT_STANDARD_LIBRARIES = YES;
				BUNDLE_LOADER = "$(TEST_HOST)";
				CODE_SIGN_STYLE = Automatic;
				CURRENT_PROJECT_VERSION = 1;
				GENERATE_INFOPLIST_FILE = YES;
				IPHONEOS_DEPLOYMENT_TARGET = 16.4;
				MARKETING_VERSION = 1.0;
				PRODUCT_BUNDLE_IDENTIFIER = com.ADA.StudentMentalHealthAppTests;
				PRODUCT_NAME = "$(TARGET_NAME)";
				SWIFT_EMIT_LOC_STRINGS = NO;
				SWIFT_VERSION = 5.0;
				TARGETED_DEVICE_FAMILY = "1,2";
				TEST_HOST = "$(BUILT_PRODUCTS_DIR)/StudentMentalHealthApp.app/$(BUNDLE_EXECUTABLE_FOLDER_PATH)/StudentMentalHealthApp";
			};
			name = Release;
		};
		AD8261E52B52ABFE0013356E /* Debug */ = {
			isa = XCBuildConfiguration;
			buildSettings = {
				ALWAYS_EMBED_SWIFT_STANDARD_LIBRARIES = YES;
				CODE_SIGN_STYLE = Automatic;
				CURRENT_PROJECT_VERSION = 1;
				GENERATE_INFOPLIST_FILE = YES;
				MARKETING_VERSION = 1.0;
				PRODUCT_BUNDLE_IDENTIFIER = com.ADA.StudentMentalHealthAppUITests;
				PRODUCT_NAME = "$(TARGET_NAME)";
				SWIFT_EMIT_LOC_STRINGS = NO;
				SWIFT_VERSION = 5.0;
				TARGETED_DEVICE_FAMILY = "1,2";
				TEST_TARGET_NAME = StudentMentalHealthApp;
			};
			name = Debug;
		};
		AD8261E62B52ABFE0013356E /* Release */ = {
			isa = XCBuildConfiguration;
			buildSettings = {
				ALWAYS_EMBED_SWIFT_STANDARD_LIBRARIES = YES;
				CODE_SIGN_STYLE = Automatic;
				CURRENT_PROJECT_VERSION = 1;
				GENERATE_INFOPLIST_FILE = YES;
				MARKETING_VERSION = 1.0;
				PRODUCT_BUNDLE_IDENTIFIER = com.ADA.StudentMentalHealthAppUITests;
				PRODUCT_NAME = "$(TARGET_NAME)";
				SWIFT_EMIT_LOC_STRINGS = NO;
				SWIFT_VERSION = 5.0;
				TARGETED_DEVICE_FAMILY = "1,2";
				TEST_TARGET_NAME = StudentMentalHealthApp;
			};
			name = Release;
		};
/* End XCBuildConfiguration section */

/* Begin XCConfigurationList section */
		AD8261B52B52ABFC0013356E /* Build configuration list for PBXProject "StudentMentalHealthApp" */ = {
			isa = XCConfigurationList;
			buildConfigurations = (
				AD8261DC2B52ABFE0013356E /* Debug */,
				AD8261DD2B52ABFE0013356E /* Release */,
			);
			defaultConfigurationIsVisible = 0;
			defaultConfigurationName = Release;
		};
		AD8261DE2B52ABFE0013356E /* Build configuration list for PBXNativeTarget "StudentMentalHealthApp" */ = {
			isa = XCConfigurationList;
			buildConfigurations = (
				AD8261DF2B52ABFE0013356E /* Debug */,
				AD8261E02B52ABFE0013356E /* Release */,
			);
			defaultConfigurationIsVisible = 0;
			defaultConfigurationName = Release;
		};
		AD8261E12B52ABFE0013356E /* Build configuration list for PBXNativeTarget "StudentMentalHealthAppTests" */ = {
			isa = XCConfigurationList;
			buildConfigurations = (
				AD8261E22B52ABFE0013356E /* Debug */,
				AD8261E32B52ABFE0013356E /* Release */,
			);
			defaultConfigurationIsVisible = 0;
			defaultConfigurationName = Release;
		};
		AD8261E42B52ABFE0013356E /* Build configuration list for PBXNativeTarget "StudentMentalHealthAppUITests" */ = {
			isa = XCConfigurationList;
			buildConfigurations = (
				AD8261E52B52ABFE0013356E /* Debug */,
				AD8261E62B52ABFE0013356E /* Release */,
			);
			defaultConfigurationIsVisible = 0;
			defaultConfigurationName = Release;
		};
/* End XCConfigurationList section */

/* Begin XCRemoteSwiftPackageReference section */
		AD27D0692B8CC72E00E1EEF7 /* XCRemoteSwiftPackageReference "firebase-ios-sdk" */ = {
			isa = XCRemoteSwiftPackageReference;
			repositoryURL = "https://github.com/firebase/firebase-ios-sdk";
			requirement = {
				kind = upToNextMajorVersion;
				minimumVersion = 10.21.0;
			};
		};
/* End XCRemoteSwiftPackageReference section */

/* Begin XCSwiftPackageProductDependency section */
		AD27D06B2B8CC78200E1EEF7 /* FirebaseFirestore */ = {
			isa = XCSwiftPackageProductDependency;
			package = AD27D0692B8CC72E00E1EEF7 /* XCRemoteSwiftPackageReference "firebase-ios-sdk" */;
			productName = FirebaseFirestore;
		};
		AD27D06D2B8CC78C00E1EEF7 /* FirebaseAuth */ = {
			isa = XCSwiftPackageProductDependency;
			package = AD27D0692B8CC72E00E1EEF7 /* XCRemoteSwiftPackageReference "firebase-ios-sdk" */;
			productName = FirebaseAuth;
		};
		AD27D06F2B8CC79800E1EEF7 /* FirebaseFirestoreSwift */ = {
			isa = XCSwiftPackageProductDependency;
			package = AD27D0692B8CC72E00E1EEF7 /* XCRemoteSwiftPackageReference "firebase-ios-sdk" */;
			productName = FirebaseFirestoreSwift;
		};
/* End XCSwiftPackageProductDependency section */
	};
	rootObject = AD8261B22B52ABFC0013356E /* Project object */;
}
